
Microsoft Visual Studio Solution File, Format Version 12.00
# Visual Studio Version 17
VisualStudioVersion = 17.8.34309.116
MinimumVisualStudioVersion = 10.0.40219.1
Project("{9A19103F-16F7-4668-BE54-9A1E7A4F7556}") = "Trees", "Trees\Trees.csproj", "{77DFE368-880C-44CB-8916-E6463825B7D6}"
EndProject
Project("{9A19103F-16F7-4668-BE54-9A1E7A4F7556}") = "TCPData", "TCPData\TCPData.csproj", "{01B9194B-0604-4A2C-A9A2-67A569E8B1DE}"
EndProject
Project("{9A19103F-16F7-4668-BE54-9A1E7A4F7556}") = "TCPExtensions", "TCPExtensions\TCPExtensions.csproj", "{49440B85-5079-4C2F-B5A9-5B823F9E7D5B}"
EndProject
Project("{FAE04EC0-301F-11D3-BF4B-00C04F79EFBC}") = "HRAdministrationAPI", "HRAdministrationAPI\HRAdministrationAPI.csproj", "{19120519-92CB-4918-908C-9741661C9651}"
EndProject
Project("{FAE04EC0-301F-11D3-BF4B-00C04F79EFBC}") = "FieldValidatorAPI", "FieldValidatorAPI\FieldValidatorAPI.csproj", "{5CB3E48D-200E-405B-9A7F-1AB8DDB5691B}"
EndProject
Global
	GlobalSection(SolutionConfigurationPlatforms) = preSolution
		Debug|Any CPU = Debug|Any CPU
		Release|Any CPU = Release|Any CPU
	EndGlobalSection
	GlobalSection(ProjectConfigurationPlatforms) = postSolution
		{77DFE368-880C-44CB-8916-E6463825B7D6}.Debug|Any CPU.ActiveCfg = Debug|Any CPU
		{77DFE368-880C-44CB-8916-E6463825B7D6}.Debug|Any CPU.Build.0 = Debug|Any CPU
		{77DFE368-880C-44CB-8916-E6463825B7D6}.Release|Any CPU.ActiveCfg = Release|Any CPU
		{77DFE368-880C-44CB-8916-E6463825B7D6}.Release|Any CPU.Build.0 = Release|Any CPU
		{01B9194B-0604-4A2C-A9A2-67A569E8B1DE}.Debug|Any CPU.ActiveCfg = Debug|Any CPU
		{01B9194B-0604-4A2C-A9A2-67A569E8B1DE}.Debug|Any CPU.Build.0 = Debug|Any CPU
		{01B9194B-0604-4A2C-A9A2-67A569E8B1DE}.Release|Any CPU.ActiveCfg = Release|Any CPU
		{01B9194B-0604-4A2C-A9A2-67A569E8B1DE}.Release|Any CPU.Build.0 = Release|Any CPU
		{49440B85-5079-4C2F-B5A9-5B823F9E7D5B}.Debug|Any CPU.ActiveCfg = Debug|Any CPU
		{49440B85-5079-4C2F-B5A9-5B823F9E7D5B}.Debug|Any CPU.Build.0 = Debug|Any CPU
		{49440B85-5079-4C2F-B5A9-5B823F9E7D5B}.Release|Any CPU.ActiveCfg = Release|Any CPU
		{49440B85-5079-4C2F-B5A9-5B823F9E7D5B}.Release|Any CPU.Build.0 = Release|Any CPU
		{19120519-92CB-4918-908C-9741661C9651}.Debug|Any CPU.ActiveCfg = Debug|Any CPU
		{19120519-92CB-4918-908C-9741661C9651}.Debug|Any CPU.Build.0 = Debug|Any CPU
		{19120519-92CB-4918-908C-9741661C9651}.Release|Any CPU.ActiveCfg = Release|Any CPU
		{19120519-92CB-4918-908C-9741661C9651}.Release|Any CPU.Build.0 = Release|Any CPU
		{5CB3E48D-200E-405B-9A7F-1AB8DDB5691B}.Debug|Any CPU.ActiveCfg = Debug|Any CPU
		{5CB3E48D-200E-405B-9A7F-1AB8DDB5691B}.Debug|Any CPU.Build.0 = Debug|Any CPU
		{5CB3E48D-200E-405B-9A7F-1AB8DDB5691B}.Release|Any CPU.ActiveCfg = Release|Any CPU
		{5CB3E48D-200E-405B-9A7F-1AB8DDB5691B}.Release|Any CPU.Build.0 = Release|Any CPU
	EndGlobalSection
	GlobalSection(SolutionProperties) = preSolution
		HideSolutionNode = FALSE
	EndGlobalSection
	GlobalSection(ExtensibilityGlobals) = postSolution
		SolutionGuid = {42ABB58B-32C6-4611-A25B-3223B0D2AF17}
	EndGlobalSection
EndGlobal
